
Microsoft Visual Studio Solution File, Format Version 12.00
# Visual Studio Version 17
VisualStudioVersion = 17.12.35527.113
MinimumVisualStudioVersion = 10.0.40219.1
Project("{FAE04EC0-301F-11D3-BF4B-00C04F79EFBC}") = "BulkyWeb", "BulkyWeb\BulkyWeb.csproj", "{9C36BC53-6947-473F-8D8A-E0637704CD58}"
EndProject
Project("{FAE04EC0-301F-11D3-BF4B-00C04F79EFBC}") = "BulkyWeb_RazorWeb", "BulkyWeb_RazorWeb\BulkyWeb_RazorWeb.csproj", "{1F1395FB-1A54-4499-9FFA-56C9D4365F68}"
EndProject
Global
	GlobalSection(SolutionConfigurationPlatforms) = preSolution
		Debug|Any CPU = Debug|Any CPU
		Release|Any CPU = Release|Any CPU
	EndGlobalSection
	GlobalSection(ProjectConfigurationPlatforms) = postSolution
		{9C36BC53-6947-473F-8D8A-E0637704CD58}.Debug|Any CPU.ActiveCfg = Debug|Any CPU
		{9C36BC53-6947-473F-8D8A-E0637704CD58}.Debug|Any CPU.Build.0 = Debug|Any CPU
		{9C36BC53-6947-473F-8D8A-E0637704CD58}.Release|Any CPU.ActiveCfg = Release|Any CPU
		{9C36BC53-6947-473F-8D8A-E0637704CD58}.Release|Any CPU.Build.0 = Release|Any CPU
		{1F1395FB-1A54-4499-9FFA-56C9D4365F68}.Debug|Any CPU.ActiveCfg = Debug|Any CPU
		{1F1395FB-1A54-4499-9FFA-56C9D4365F68}.Debug|Any CPU.Build.0 = Debug|Any CPU
		{1F1395FB-1A54-4499-9FFA-56C9D4365F68}.Release|Any CPU.ActiveCfg = Release|Any CPU
		{1F1395FB-1A54-4499-9FFA-56C9D4365F68}.Release|Any CPU.Build.0 = Release|Any CPU
	EndGlobalSection
	GlobalSection(SolutionProperties) = preSolution
		HideSolutionNode = FALSE
	EndGlobalSection
EndGlobal
